
Microsoft Visual Studio Solution File, Format Version 12.00
# Visual Studio 2013
VisualStudioVersion = 12.0.40629.0
MinimumVisualStudioVersion = 10.0.40219.1
Project("{8BC9CEB8-8B4A-11D0-8D11-00A0C91BC942}") = "dt_test", "dt_test\dt_test.vcxproj", "{F6A3FD8F-34B5-4B5F-BE3E-5AF9DD958E75}"
EndProject
Global
	GlobalSection(SolutionConfigurationPlatforms) = preSolution
		Debug|Win32 = Debug|Win32
		Release|Win32 = Release|Win32
	EndGlobalSection
	GlobalSection(ProjectConfigurationPlatforms) = postSolution
		{F6A3FD8F-34B5-4B5F-BE3E-5AF9DD958E75}.Debug|Win32.ActiveCfg = Debug|Win32
		{F6A3FD8F-34B5-4B5F-BE3E-5AF9DD958E75}.Debug|Win32.Build.0 = Debug|Win32
		{F6A3FD8F-34B5-4B5F-BE3E-5AF9DD958E75}.Release|Win32.ActiveCfg = Release|Win32
		{F6A3FD8F-34B5-4B5F-BE3E-5AF9DD958E75}.Release|Win32.Build.0 = Release|Win32
	EndGlobalSection
	GlobalSection(SolutionProperties) = preSolution
		HideSolutionNode = FALSE
	EndGlobalSection
EndGlobal
